
Microsoft Visual Studio Solution File, Format Version 12.00
# Visual Studio Version 17
VisualStudioVersion = 17.0.31903.59
MinimumVisualStudioVersion = 10.0.40219.1
Project("{9A19103F-16F7-4668-BE54-9A1E7A4F7556}") = "CntkConsole", "examples\CntkConsole\CntkConsole.csproj", "{C4BC9349-2C04-426C-AA4A-5F51C5D58033}"
EndProject
Project("{9A19103F-16F7-4668-BE54-9A1E7A4F7556}") = "CntkTests", "examples\CntkTests\CntkTests.csproj", "{868751ED-92FF-4292-BD76-86E401CCDF8D}"
EndProject
Global
	GlobalSection(SolutionConfigurationPlatforms) = preSolution
		Debug|x64 = Debug|x64
		Release|x64 = Release|x64
	EndGlobalSection
	GlobalSection(ProjectConfigurationPlatforms) = postSolution
		{C4BC9349-2C04-426C-AA4A-5F51C5D58033}.Debug|x64.ActiveCfg = Debug|x64
		{C4BC9349-2C04-426C-AA4A-5F51C5D58033}.Debug|x64.Build.0 = Debug|x64
		{C4BC9349-2C04-426C-AA4A-5F51C5D58033}.Release|x64.ActiveCfg = Release|x64
		{C4BC9349-2C04-426C-AA4A-5F51C5D58033}.Release|x64.Build.0 = Release|x64
		{868751ED-92FF-4292-BD76-86E401CCDF8D}.Debug|x64.ActiveCfg = Debug|x64
		{868751ED-92FF-4292-BD76-86E401CCDF8D}.Debug|x64.Build.0 = Debug|x64
		{868751ED-92FF-4292-BD76-86E401CCDF8D}.Release|x64.ActiveCfg = Release|x64
		{868751ED-92FF-4292-BD76-86E401CCDF8D}.Release|x64.Build.0 = Release|x64
	EndGlobalSection
	GlobalSection(SolutionProperties) = preSolution
		HideSolutionNode = FALSE
	EndGlobalSection
	GlobalSection(ExtensibilityGlobals) = postSolution
		SolutionGuid = {9F16A328-A477-47FF-9F4A-A130D41B0BB7}
	EndGlobalSection
EndGlobal
